
Microsoft Visual Studio Solution File, Format Version 12.00
# Visual Studio Version 16
VisualStudioVersion = 16.0.31729.503
MinimumVisualStudioVersion = 10.0.40219.1
Project("{FAE04EC0-301F-11D3-BF4B-00C04F79EFBC}") = "Comprobar_Número_Primo", "Comprobar_Número_Primo\Comprobar_Número_Primo.csproj", "{2045656D-1C5B-4159-A0D6-CA0843428CE7}"
EndProject
Global
	GlobalSection(SolutionConfigurationPlatforms) = preSolution
		Debug|Any CPU = Debug|Any CPU
		Release|Any CPU = Release|Any CPU
	EndGlobalSection
	GlobalSection(ProjectConfigurationPlatforms) = postSolution
		{2045656D-1C5B-4159-A0D6-CA0843428CE7}.Debug|Any CPU.ActiveCfg = Debug|Any CPU
		{2045656D-1C5B-4159-A0D6-CA0843428CE7}.Debug|Any CPU.Build.0 = Debug|Any CPU
		{2045656D-1C5B-4159-A0D6-CA0843428CE7}.Release|Any CPU.ActiveCfg = Release|Any CPU
		{2045656D-1C5B-4159-A0D6-CA0843428CE7}.Release|Any CPU.Build.0 = Release|Any CPU
	EndGlobalSection
	GlobalSection(SolutionProperties) = preSolution
		HideSolutionNode = FALSE
	EndGlobalSection
	GlobalSection(ExtensibilityGlobals) = postSolution
		SolutionGuid = {84DF9989-C8D0-4B4D-B9BC-80A63A2D0AF2}
	EndGlobalSection
EndGlobal
