
Microsoft Visual Studio Solution File, Format Version 12.00
# Visual Studio Version 16
VisualStudioVersion = 16.0.31729.503
MinimumVisualStudioVersion = 10.0.40219.1
Project("{FAE04EC0-301F-11D3-BF4B-00C04F79EFBC}") = "Intercalar_Mayus_Minus", "Intercalar_Mayus_Minus\Intercalar_Mayus_Minus.csproj", "{D26284F0-762C-4C48-8B73-382781B17344}"
EndProject
Global
	GlobalSection(SolutionConfigurationPlatforms) = preSolution
		Debug|Any CPU = Debug|Any CPU
		Release|Any CPU = Release|Any CPU
	EndGlobalSection
	GlobalSection(ProjectConfigurationPlatforms) = postSolution
		{D26284F0-762C-4C48-8B73-382781B17344}.Debug|Any CPU.ActiveCfg = Debug|Any CPU
		{D26284F0-762C-4C48-8B73-382781B17344}.Debug|Any CPU.Build.0 = Debug|Any CPU
		{D26284F0-762C-4C48-8B73-382781B17344}.Release|Any CPU.ActiveCfg = Release|Any CPU
		{D26284F0-762C-4C48-8B73-382781B17344}.Release|Any CPU.Build.0 = Release|Any CPU
	EndGlobalSection
	GlobalSection(SolutionProperties) = preSolution
		HideSolutionNode = FALSE
	EndGlobalSection
	GlobalSection(ExtensibilityGlobals) = postSolution
		SolutionGuid = {2D029929-47A0-4D7E-A347-7CE7D08C29D3}
	EndGlobalSection
EndGlobal
