
Microsoft Visual Studio Solution File, Format Version 12.00
# Visual Studio Version 16
VisualStudioVersion = 16.0.31729.503
MinimumVisualStudioVersion = 10.0.40219.1
Project("{FAE04EC0-301F-11D3-BF4B-00C04F79EFBC}") = "GenerarNúmerosPrimos", "GenerarNúmerosPrimos\GenerarNúmerosPrimos.csproj", "{9824C0A5-FAA7-4B65-9B57-9357F44BB85D}"
EndProject
Global
	GlobalSection(SolutionConfigurationPlatforms) = preSolution
		Debug|Any CPU = Debug|Any CPU
		Release|Any CPU = Release|Any CPU
	EndGlobalSection
	GlobalSection(ProjectConfigurationPlatforms) = postSolution
		{9824C0A5-FAA7-4B65-9B57-9357F44BB85D}.Debug|Any CPU.ActiveCfg = Debug|Any CPU
		{9824C0A5-FAA7-4B65-9B57-9357F44BB85D}.Debug|Any CPU.Build.0 = Debug|Any CPU
		{9824C0A5-FAA7-4B65-9B57-9357F44BB85D}.Release|Any CPU.ActiveCfg = Release|Any CPU
		{9824C0A5-FAA7-4B65-9B57-9357F44BB85D}.Release|Any CPU.Build.0 = Release|Any CPU
	EndGlobalSection
	GlobalSection(SolutionProperties) = preSolution
		HideSolutionNode = FALSE
	EndGlobalSection
	GlobalSection(ExtensibilityGlobals) = postSolution
		SolutionGuid = {54AE1FA7-BDA7-4BBC-A312-3372FCED97DE}
	EndGlobalSection
EndGlobal
