
Microsoft Visual Studio Solution File, Format Version 12.00
# Visual Studio Version 16
VisualStudioVersion = 16.0.31729.503
MinimumVisualStudioVersion = 10.0.40219.1
Project("{FAE04EC0-301F-11D3-BF4B-00C04F79EFBC}") = "Decimal_Binario", "Decimal_Binario\Decimal_Binario.csproj", "{5B0D0F8E-ED77-4908-B46F-25D10B86476B}"
EndProject
Global
	GlobalSection(SolutionConfigurationPlatforms) = preSolution
		Debug|Any CPU = Debug|Any CPU
		Release|Any CPU = Release|Any CPU
	EndGlobalSection
	GlobalSection(ProjectConfigurationPlatforms) = postSolution
		{5B0D0F8E-ED77-4908-B46F-25D10B86476B}.Debug|Any CPU.ActiveCfg = Debug|Any CPU
		{5B0D0F8E-ED77-4908-B46F-25D10B86476B}.Debug|Any CPU.Build.0 = Debug|Any CPU
		{5B0D0F8E-ED77-4908-B46F-25D10B86476B}.Release|Any CPU.ActiveCfg = Release|Any CPU
		{5B0D0F8E-ED77-4908-B46F-25D10B86476B}.Release|Any CPU.Build.0 = Release|Any CPU
	EndGlobalSection
	GlobalSection(SolutionProperties) = preSolution
		HideSolutionNode = FALSE
	EndGlobalSection
	GlobalSection(ExtensibilityGlobals) = postSolution
		SolutionGuid = {53E0C635-49B5-4552-B629-6AA201F02CC4}
	EndGlobalSection
EndGlobal
