
Microsoft Visual Studio Solution File, Format Version 12.00
# Visual Studio Version 16
VisualStudioVersion = 16.0.31729.503
MinimumVisualStudioVersion = 10.0.40219.1
Project("{FAE04EC0-301F-11D3-BF4B-00C04F79EFBC}") = "Tabla_Multiplicar_2", "Tabla_Multiplicar_2\Tabla_Multiplicar_2.csproj", "{242DCFEE-4B0D-429C-B180-3ADBAF7A024D}"
EndProject
Global
	GlobalSection(SolutionConfigurationPlatforms) = preSolution
		Debug|Any CPU = Debug|Any CPU
		Release|Any CPU = Release|Any CPU
	EndGlobalSection
	GlobalSection(ProjectConfigurationPlatforms) = postSolution
		{242DCFEE-4B0D-429C-B180-3ADBAF7A024D}.Debug|Any CPU.ActiveCfg = Debug|Any CPU
		{242DCFEE-4B0D-429C-B180-3ADBAF7A024D}.Debug|Any CPU.Build.0 = Debug|Any CPU
		{242DCFEE-4B0D-429C-B180-3ADBAF7A024D}.Release|Any CPU.ActiveCfg = Release|Any CPU
		{242DCFEE-4B0D-429C-B180-3ADBAF7A024D}.Release|Any CPU.Build.0 = Release|Any CPU
	EndGlobalSection
	GlobalSection(SolutionProperties) = preSolution
		HideSolutionNode = FALSE
	EndGlobalSection
	GlobalSection(ExtensibilityGlobals) = postSolution
		SolutionGuid = {CB642EE0-1854-4668-9492-5147808CE505}
	EndGlobalSection
EndGlobal
