
Microsoft Visual Studio Solution File, Format Version 12.00
# Visual Studio Version 16
VisualStudioVersion = 16.0.31729.503
MinimumVisualStudioVersion = 10.0.40219.1
Project("{FAE04EC0-301F-11D3-BF4B-00C04F79EFBC}") = "Suma_Consecutiva", "Suma_Consecutiva\Suma_Consecutiva.csproj", "{FBAEE922-A12A-4F07-BDB2-169F4B5E27EF}"
EndProject
Global
	GlobalSection(SolutionConfigurationPlatforms) = preSolution
		Debug|Any CPU = Debug|Any CPU
		Release|Any CPU = Release|Any CPU
	EndGlobalSection
	GlobalSection(ProjectConfigurationPlatforms) = postSolution
		{FBAEE922-A12A-4F07-BDB2-169F4B5E27EF}.Debug|Any CPU.ActiveCfg = Debug|Any CPU
		{FBAEE922-A12A-4F07-BDB2-169F4B5E27EF}.Debug|Any CPU.Build.0 = Debug|Any CPU
		{FBAEE922-A12A-4F07-BDB2-169F4B5E27EF}.Release|Any CPU.ActiveCfg = Release|Any CPU
		{FBAEE922-A12A-4F07-BDB2-169F4B5E27EF}.Release|Any CPU.Build.0 = Release|Any CPU
	EndGlobalSection
	GlobalSection(SolutionProperties) = preSolution
		HideSolutionNode = FALSE
	EndGlobalSection
	GlobalSection(ExtensibilityGlobals) = postSolution
		SolutionGuid = {FC8B25FD-535A-4047-9E83-F2B635D73970}
	EndGlobalSection
EndGlobal
