
Microsoft Visual Studio Solution File, Format Version 12.00
# Visual Studio Version 16
VisualStudioVersion = 16.0.31729.503
MinimumVisualStudioVersion = 10.0.40219.1
Project("{FAE04EC0-301F-11D3-BF4B-00C04F79EFBC}") = "DesglosedeBilletes", "DesglosedeBilletes\DesglosedeBilletes.csproj", "{48F54647-20AE-4CC0-9A17-5ECD53D91BEC}"
EndProject
Global
	GlobalSection(SolutionConfigurationPlatforms) = preSolution
		Debug|Any CPU = Debug|Any CPU
		Release|Any CPU = Release|Any CPU
	EndGlobalSection
	GlobalSection(ProjectConfigurationPlatforms) = postSolution
		{48F54647-20AE-4CC0-9A17-5ECD53D91BEC}.Debug|Any CPU.ActiveCfg = Debug|Any CPU
		{48F54647-20AE-4CC0-9A17-5ECD53D91BEC}.Debug|Any CPU.Build.0 = Debug|Any CPU
		{48F54647-20AE-4CC0-9A17-5ECD53D91BEC}.Release|Any CPU.ActiveCfg = Release|Any CPU
		{48F54647-20AE-4CC0-9A17-5ECD53D91BEC}.Release|Any CPU.Build.0 = Release|Any CPU
	EndGlobalSection
	GlobalSection(SolutionProperties) = preSolution
		HideSolutionNode = FALSE
	EndGlobalSection
	GlobalSection(ExtensibilityGlobals) = postSolution
		SolutionGuid = {C4D47F88-1370-491D-8233-98ECE7746835}
	EndGlobalSection
EndGlobal
